Microsoft Visual Studio Solution File, Format Version 11.00
# Visual Studio 2008

Project("{1E750AA9-7BF6-F15F-D12A-B488C331F613}") = "SinoMoGoPay_Demo_v1.4", "Assembly-CSharp-vs.csproj", "{0C0A382D-506A-1ED7-2436-1702D1014433}"
EndProject
Project("{1E750AA9-7BF6-F15F-D12A-B488C331F613}") = "SinoMoGoPay_Demo_v1.4", "Assembly-CSharp-Editor-vs.csproj", "{2D6D6200-26ED-34AF-C9A5-8EF5DCBA5FE3}"
EndProject
Global
	GlobalSection(SolutionConfigurationPlatforms) = preSolution
		Debug|Any CPU = Debug|Any CPU
		Release|Any CPU = Release|Any CPU
	EndGlobalSection
	GlobalSection(ProjectConfigurationPlatforms) = postSolution
		{0C0A382D-506A-1ED7-2436-1702D1014433}.Debug|Any CPU.ActiveCfg = Debug|Any CPU
		{0C0A382D-506A-1ED7-2436-1702D1014433}.Debug|Any CPU.Build.0 = Debug|Any CPU
		{0C0A382D-506A-1ED7-2436-1702D1014433}.Release|Any CPU.ActiveCfg = Release|Any CPU
		{0C0A382D-506A-1ED7-2436-1702D1014433}.Release|Any CPU.Build.0 = Release|Any CPU
		{2D6D6200-26ED-34AF-C9A5-8EF5DCBA5FE3}.Debug|Any CPU.ActiveCfg = Debug|Any CPU
		{2D6D6200-26ED-34AF-C9A5-8EF5DCBA5FE3}.Debug|Any CPU.Build.0 = Debug|Any CPU
		{2D6D6200-26ED-34AF-C9A5-8EF5DCBA5FE3}.Release|Any CPU.ActiveCfg = Release|Any CPU
		{2D6D6200-26ED-34AF-C9A5-8EF5DCBA5FE3}.Release|Any CPU.Build.0 = Release|Any CPU
	EndGlobalSection
	GlobalSection(SolutionProperties) = preSolution
		HideSolutionNode = FALSE
	EndGlobalSection
																																				GlobalSection(MonoDevelopProperties) = preSolution
		StartupItem = Assembly-CSharp.csproj
		Policies = $0
		$0.TextStylePolicy = $1
		$1.inheritsSet = null
		$1.scope = text/x-csharp
		$0.CSharpFormattingPolicy = $2
		$2.inheritsSet = Mono
		$2.inheritsScope = text/x-csharp
		$2.scope = text/x-csharp
		$0.TextStylePolicy = $3
		$3.FileWidth = 120
		$3.TabWidth = 4
		$3.EolMarker = Unix
		$3.inheritsSet = Mono
		$3.inheritsScope = text/plain
		$3.scope = text/plain
	EndGlobalSection

EndGlobal
