Microsoft Visual Studio Solution File, Format Version 11.00
# Visual Studio 2008

Project("{2C9197B7-84A3-DCF3-151E-600655AB793E}") = "SinoMoGoConnect_Demo_v1.4", "Assembly-CSharp-vs.csproj", "{CDD37AA6-41C8-BC4E-74DE-0B7A904FEF73}"
EndProject
Project("{2C9197B7-84A3-DCF3-151E-600655AB793E}") = "SinoMoGoConnect_Demo_v1.4", "Assembly-CSharp-Editor-vs.csproj", "{F9103F48-D39E-D715-F99A-A67929B3AE9C}"
EndProject
Global
	GlobalSection(SolutionConfigurationPlatforms) = preSolution
		Debug|Any CPU = Debug|Any CPU
		Release|Any CPU = Release|Any CPU
	EndGlobalSection
	GlobalSection(ProjectConfigurationPlatforms) = postSolution
		{CDD37AA6-41C8-BC4E-74DE-0B7A904FEF73}.Debug|Any CPU.ActiveCfg = Debug|Any CPU
		{CDD37AA6-41C8-BC4E-74DE-0B7A904FEF73}.Debug|Any CPU.Build.0 = Debug|Any CPU
		{CDD37AA6-41C8-BC4E-74DE-0B7A904FEF73}.Release|Any CPU.ActiveCfg = Release|Any CPU
		{CDD37AA6-41C8-BC4E-74DE-0B7A904FEF73}.Release|Any CPU.Build.0 = Release|Any CPU
		{F9103F48-D39E-D715-F99A-A67929B3AE9C}.Debug|Any CPU.ActiveCfg = Debug|Any CPU
		{F9103F48-D39E-D715-F99A-A67929B3AE9C}.Debug|Any CPU.Build.0 = Debug|Any CPU
		{F9103F48-D39E-D715-F99A-A67929B3AE9C}.Release|Any CPU.ActiveCfg = Release|Any CPU
		{F9103F48-D39E-D715-F99A-A67929B3AE9C}.Release|Any CPU.Build.0 = Release|Any CPU
	EndGlobalSection
	GlobalSection(SolutionProperties) = preSolution
		HideSolutionNode = FALSE
	EndGlobalSection
																				GlobalSection(MonoDevelopProperties) = preSolution
		StartupItem = Assembly-CSharp.csproj
		Policies = $0
		$0.TextStylePolicy = $1
		$1.inheritsSet = null
		$1.scope = text/x-csharp
		$0.CSharpFormattingPolicy = $2
		$2.inheritsSet = Mono
		$2.inheritsScope = text/x-csharp
		$2.scope = text/x-csharp
		$0.TextStylePolicy = $3
		$3.FileWidth = 120
		$3.TabWidth = 4
		$3.EolMarker = Unix
		$3.inheritsSet = Mono
		$3.inheritsScope = text/plain
		$3.scope = text/plain
	EndGlobalSection

EndGlobal
